
Microsoft Visual Studio Solution File, Format Version 12.00
# Visual Studio Version 17
VisualStudioVersion = 17.7.34031.279
MinimumVisualStudioVersion = 10.0.40219.1
Project("{9A19103F-16F7-4668-BE54-9A1E7A4F7556}") = "CineBack", "CineBack\CineBack.csproj", "{00969226-3663-4951-BAEB-156CDCDD033A}"
EndProject
Project("{9A19103F-16F7-4668-BE54-9A1E7A4F7556}") = "CineApi", "CineApi\CineApi.csproj", "{55DCDEB3-1747-44B8-83F5-C5E6939B8AC1}"
	ProjectSection(ProjectDependencies) = postProject
		{00969226-3663-4951-BAEB-156CDCDD033A} = {00969226-3663-4951-BAEB-156CDCDD033A}
	EndProjectSection
EndProject
Project("{9A19103F-16F7-4668-BE54-9A1E7A4F7556}") = "CineFront", "CineFront\CineFront.csproj", "{AC7E42B2-68B2-4AED-B7DC-FC48D89459AE}"
	ProjectSection(ProjectDependencies) = postProject
		{00969226-3663-4951-BAEB-156CDCDD033A} = {00969226-3663-4951-BAEB-156CDCDD033A}
		{55DCDEB3-1747-44B8-83F5-C5E6939B8AC1} = {55DCDEB3-1747-44B8-83F5-C5E6939B8AC1}
	EndProjectSection
EndProject
Global
	GlobalSection(SolutionConfigurationPlatforms) = preSolution
		Debug|Any CPU = Debug|Any CPU
		Release|Any CPU = Release|Any CPU
	EndGlobalSection
	GlobalSection(ProjectConfigurationPlatforms) = postSolution
		{00969226-3663-4951-BAEB-156CDCDD033A}.Debug|Any CPU.ActiveCfg = Debug|Any CPU
		{00969226-3663-4951-BAEB-156CDCDD033A}.Debug|Any CPU.Build.0 = Debug|Any CPU
		{00969226-3663-4951-BAEB-156CDCDD033A}.Release|Any CPU.ActiveCfg = Release|Any CPU
		{00969226-3663-4951-BAEB-156CDCDD033A}.Release|Any CPU.Build.0 = Release|Any CPU
		{55DCDEB3-1747-44B8-83F5-C5E6939B8AC1}.Debug|Any CPU.ActiveCfg = Debug|Any CPU
		{55DCDEB3-1747-44B8-83F5-C5E6939B8AC1}.Debug|Any CPU.Build.0 = Debug|Any CPU
		{55DCDEB3-1747-44B8-83F5-C5E6939B8AC1}.Release|Any CPU.ActiveCfg = Release|Any CPU
		{55DCDEB3-1747-44B8-83F5-C5E6939B8AC1}.Release|Any CPU.Build.0 = Release|Any CPU
		{AC7E42B2-68B2-4AED-B7DC-FC48D89459AE}.Debug|Any CPU.ActiveCfg = Debug|Any CPU
		{AC7E42B2-68B2-4AED-B7DC-FC48D89459AE}.Debug|Any CPU.Build.0 = Debug|Any CPU
		{AC7E42B2-68B2-4AED-B7DC-FC48D89459AE}.Release|Any CPU.ActiveCfg = Release|Any CPU
		{AC7E42B2-68B2-4AED-B7DC-FC48D89459AE}.Release|Any CPU.Build.0 = Release|Any CPU
	EndGlobalSection
	GlobalSection(SolutionProperties) = preSolution
		HideSolutionNode = FALSE
	EndGlobalSection
	GlobalSection(ExtensibilityGlobals) = postSolution
		SolutionGuid = {129014DC-5BB2-4907-B804-8964D849A98B}
	EndGlobalSection
EndGlobal
